// !$*UTF8*$!
{
	archiveVersion = 1;
	classes = {
	};
	objectVersion = 56;
	objects = {

/* Begin PBXBuildFile section */
		10000001 /* KKBBApp.swift in Sources */ = {isa = PBXBuildFile; fileRef = 20000001 /* KKBBApp.swift */; };
		10000002 /* KeyboardMode.swift in Sources */ = {isa = PBXBuildFile; fileRef = 20000002 /* KeyboardMode.swift */; };
		10000003 /* PianoKey.swift in Sources */ = {isa = PBXBuildFile; fileRef = 20000003 /* PianoKey.swift */; };
		10000004 /* AppState.swift in Sources */ = {isa = PBXBuildFile; fileRef = 20000004 /* AppState.swift */; };
		10000005 /* MIDIManager.swift in Sources */ = {isa = PBXBuildFile; fileRef = 20000005 /* MIDIManager.swift */; };
		10000006 /* KeyboardMonitor.swift in Sources */ = {isa = PBXBuildFile; fileRef = 20000006 /* KeyboardMonitor.swift */; };
		10000007 /* TopBarView.swift in Sources */ = {isa = PBXBuildFile; fileRef = 20000007 /* TopBarView.swift */; };
		10000008 /* PianoRollView.swift in Sources */ = {isa = PBXBuildFile; fileRef = 20000008 /* PianoRollView.swift */; };
		10000009 /* ContentView.swift in Sources */ = {isa = PBXBuildFile; fileRef = 20000009 /* ContentView.swift */; };
		10000010 /* Assets.xcassets in Resources */ = {isa = PBXBuildFile; fileRef = 20000010 /* Assets.xcassets */; };
		10000011 /* CoreMIDI.framework in Frameworks */ = {isa = PBXBuildFile; fileRef = 20000011 /* CoreMIDI.framework */; };
		10000012 /* MIDIEvent.swift in Sources */ = {isa = PBXBuildFile; fileRef = 20000012 /* MIDIEvent.swift */; };
		10000013 /* MIDIProcessor.swift in Sources */ = {isa = PBXBuildFile; fileRef = 20000013 /* MIDIProcessor.swift */; };
		10000014 /* MIDIPipeline.swift in Sources */ = {isa = PBXBuildFile; fileRef = 20000014 /* MIDIPipeline.swift */; };
		10000015 /* KeyBindingProfile.swift in Sources */ = {isa = PBXBuildFile; fileRef = 20000015 /* KeyBindingProfile.swift */; };
		10000016 /* PitchModWheelsView.swift in Sources */ = {isa = PBXBuildFile; fileRef = 20000016 /* PitchModWheelsView.swift */; };
		10000017 /* SettingsView.swift in Sources */ = {isa = PBXBuildFile; fileRef = 20000017 /* SettingsView.swift */; };
		10000018 /* OctaveBarView.swift in Sources */ = {isa = PBXBuildFile; fileRef = 20000018 /* OctaveBarView.swift */; };
		10000019 /* RotaryKnobView.swift in Sources */ = {isa = PBXBuildFile; fileRef = 20000019 /* RotaryKnobView.swift */; };
		10000020 /* KnobsStripView.swift in Sources */ = {isa = PBXBuildFile; fileRef = 20000020 /* KnobsStripView.swift */; };
		10000021 /* ChordType.swift in Sources */ = {isa = PBXBuildFile; fileRef = 20000021 /* ChordType.swift */; };
		10000022 /* ChordPadsStripView.swift in Sources */ = {isa = PBXBuildFile; fileRef = 20000022 /* ChordPadsStripView.swift */; };
/* End PBXBuildFile section */

/* Begin PBXFileReference section */
		20000000 /* KKBB.app */ = {isa = PBXFileReference; explicitFileType = wrapper.application; includeInIndex = 0; path = KKBB.app; sourceTree = BUILT_PRODUCTS_DIR; };
		20000001 /* KKBBApp.swift */ = {isa = PBXFileReference; lastKnownFileType = sourcecode.swift; path = KKBBApp.swift; sourceTree = "<group>"; };
		20000002 /* KeyboardMode.swift */ = {isa = PBXFileReference; lastKnownFileType = sourcecode.swift; path = KeyboardMode.swift; sourceTree = "<group>"; };
		20000003 /* PianoKey.swift */ = {isa = PBXFileReference; lastKnownFileType = sourcecode.swift; path = PianoKey.swift; sourceTree = "<group>"; };
		20000004 /* AppState.swift */ = {isa = PBXFileReference; lastKnownFileType = sourcecode.swift; path = AppState.swift; sourceTree = "<group>"; };
		20000005 /* MIDIManager.swift */ = {isa = PBXFileReference; lastKnownFileType = sourcecode.swift; path = MIDIManager.swift; sourceTree = "<group>"; };
		20000006 /* KeyboardMonitor.swift */ = {isa = PBXFileReference; lastKnownFileType = sourcecode.swift; path = KeyboardMonitor.swift; sourceTree = "<group>"; };
		20000007 /* TopBarView.swift */ = {isa = PBXFileReference; lastKnownFileType = sourcecode.swift; path = TopBarView.swift; sourceTree = "<group>"; };
		20000008 /* PianoRollView.swift */ = {isa = PBXFileReference; lastKnownFileType = sourcecode.swift; path = PianoRollView.swift; sourceTree = "<group>"; };
		20000009 /* ContentView.swift */ = {isa = PBXFileReference; lastKnownFileType = sourcecode.swift; path = ContentView.swift; sourceTree = "<group>"; };
		20000010 /* Assets.xcassets */ = {isa = PBXFileReference; lastKnownFileType = folder.assetcatalog; path = Assets.xcassets; sourceTree = "<group>"; };
		20000011 /* CoreMIDI.framework */ = {isa = PBXFileReference; lastKnownFileType = wrapper.framework; name = CoreMIDI.framework; path = System/Library/Frameworks/CoreMIDI.framework; sourceTree = SDKROOT; };
		20000012 /* MIDIEvent.swift */ = {isa = PBXFileReference; lastKnownFileType = sourcecode.swift; path = MIDIEvent.swift; sourceTree = "<group>"; };
		20000013 /* MIDIProcessor.swift */ = {isa = PBXFileReference; lastKnownFileType = sourcecode.swift; path = MIDIProcessor.swift; sourceTree = "<group>"; };
		20000014 /* MIDIPipeline.swift */ = {isa = PBXFileReference; lastKnownFileType = sourcecode.swift; path = MIDIPipeline.swift; sourceTree = "<group>"; };
		20000015 /* KeyBindingProfile.swift */ = {isa = PBXFileReference; lastKnownFileType = sourcecode.swift; path = KeyBindingProfile.swift; sourceTree = "<group>"; };
		20000016 /* PitchModWheelsView.swift */ = {isa = PBXFileReference; lastKnownFileType = sourcecode.swift; path = PitchModWheelsView.swift; sourceTree = "<group>"; };
		20000017 /* SettingsView.swift */ = {isa = PBXFileReference; lastKnownFileType = sourcecode.swift; path = SettingsView.swift; sourceTree = "<group>"; };
		20000018 /* OctaveBarView.swift */ = {isa = PBXFileReference; lastKnownFileType = sourcecode.swift; path = OctaveBarView.swift; sourceTree = "<group>"; };
		20000019 /* RotaryKnobView.swift */ = {isa = PBXFileReference; lastKnownFileType = sourcecode.swift; path = RotaryKnobView.swift; sourceTree = "<group>"; };
		20000020 /* KnobsStripView.swift */ = {isa = PBXFileReference; lastKnownFileType = sourcecode.swift; path = KnobsStripView.swift; sourceTree = "<group>"; };
		20000021 /* ChordType.swift */ = {isa = PBXFileReference; lastKnownFileType = sourcecode.swift; path = ChordType.swift; sourceTree = "<group>"; };
		20000022 /* ChordPadsStripView.swift */ = {isa = PBXFileReference; lastKnownFileType = sourcecode.swift; path = ChordPadsStripView.swift; sourceTree = "<group>"; };
/* End PBXFileReference section */

/* Begin PBXFrameworksBuildPhase section */
		30000001 /* Frameworks */ = {
			isa = PBXFrameworksBuildPhase;
			buildActionMask = 2147483647;
			files = (
				10000011 /* CoreMIDI.framework in Frameworks */,
			);
			runOnlyForDeploymentPostprocessing = 0;
		};
/* End PBXFrameworksBuildPhase section */

/* Begin PBXGroup section */
		40000000 = {
			isa = PBXGroup;
			children = (
				40000001 /* KKBB */,
				40000005 /* Frameworks */,
				40000006 /* Products */,
			);
			sourceTree = "<group>";
		};
		40000001 /* KKBB */ = {
			isa = PBXGroup;
			children = (
				20000001 /* KKBBApp.swift */,
				40000002 /* Models */,
				40000007 /* Pipeline */,
				40000003 /* Services */,
				40000004 /* Views */,
				20000010 /* Assets.xcassets */,
			);
			path = KKBB;
			sourceTree = "<group>";
		};
		40000002 /* Models */ = {
			isa = PBXGroup;
			children = (
				20000002 /* KeyboardMode.swift */,
				20000003 /* PianoKey.swift */,
				20000004 /* AppState.swift */,
				20000015 /* KeyBindingProfile.swift */,
				20000021 /* ChordType.swift */,
			);
			path = Models;
			sourceTree = "<group>";
		};
		40000007 /* Pipeline */ = {
			isa = PBXGroup;
			children = (
				20000012 /* MIDIEvent.swift */,
				20000013 /* MIDIProcessor.swift */,
				20000014 /* MIDIPipeline.swift */,
			);
			path = Pipeline;
			sourceTree = "<group>";
		};
		40000003 /* Services */ = {
			isa = PBXGroup;
			children = (
				20000005 /* MIDIManager.swift */,
				20000006 /* KeyboardMonitor.swift */,
			);
			path = Services;
			sourceTree = "<group>";
		};
		40000004 /* Views */ = {
			isa = PBXGroup;
			children = (
				20000009 /* ContentView.swift */,
				20000007 /* TopBarView.swift */,
				20000018 /* OctaveBarView.swift */,
				20000008 /* PianoRollView.swift */,
				20000016 /* PitchModWheelsView.swift */,
				20000017 /* SettingsView.swift */,
				20000019 /* RotaryKnobView.swift */,
				20000020 /* KnobsStripView.swift */,
				20000022 /* ChordPadsStripView.swift */,
			);
			path = Views;
			sourceTree = "<group>";
		};
		40000005 /* Frameworks */ = {
			isa = PBXGroup;
			children = (
				20000011 /* CoreMIDI.framework */,
			);
			name = Frameworks;
			sourceTree = "<group>";
		};
		40000006 /* Products */ = {
			isa = PBXGroup;
			children = (
				20000000 /* KKBB.app */,
			);
			name = Products;
			sourceTree = "<group>";
		};
/* End PBXGroup section */

/* Begin PBXNativeTarget section */
		50000001 /* KKBB */ = {
			isa = PBXNativeTarget;
			buildConfigurationList = 60000002 /* Build configuration list for PBXNativeTarget "KKBB" */;
			buildPhases = (
				70000001 /* Sources */,
				30000001 /* Frameworks */,
				80000001 /* Resources */,
			);
			buildRules = (
			);
			dependencies = (
			);
			name = KKBB;
			productName = KKBB;
			productReference = 20000000 /* KKBB.app */;
			productType = "com.apple.product-type.application";
		};
/* End PBXNativeTarget section */

/* Begin PBXProject section */
		90000001 /* Project object */ = {
			isa = PBXProject;
			attributes = {
				BuildIndependentTargetsInParallel = 1;
				LastSwiftUpdateCheck = 1600;
				LastUpgradeCheck = 1600;
				TargetAttributes = {
					50000001 = {
						CreatedOnToolsVersion = 16.0;
					};
				};
			};
			buildConfigurationList = 60000001 /* Build configuration list for PBXProject "KKBB" */;
			compatibilityVersion = "Xcode 14.0";
			developmentRegion = en;
			hasScannedForEncodings = 0;
			knownRegions = (
				en,
				Base,
			);
			mainGroup = 40000000;
			productRefGroup = 40000006 /* Products */;
			projectDirPath = "";
			projectRoot = "";
			targets = (
				50000001 /* KKBB */,
			);
		};
/* End PBXProject section */

/* Begin PBXResourcesBuildPhase section */
		80000001 /* Resources */ = {
			isa = PBXResourcesBuildPhase;
			buildActionMask = 2147483647;
			files = (
				10000010 /* Assets.xcassets in Resources */,
			);
			runOnlyForDeploymentPostprocessing = 0;
		};
/* End PBXResourcesBuildPhase section */

/* Begin PBXSourcesBuildPhase section */
		70000001 /* Sources */ = {
			isa = PBXSourcesBuildPhase;
			buildActionMask = 2147483647;
			files = (
				10000001 /* KKBBApp.swift in Sources */,
				10000002 /* KeyboardMode.swift in Sources */,
				10000003 /* PianoKey.swift in Sources */,
				10000004 /* AppState.swift in Sources */,
				10000012 /* MIDIEvent.swift in Sources */,
				10000013 /* MIDIProcessor.swift in Sources */,
				10000014 /* MIDIPipeline.swift in Sources */,
				10000015 /* KeyBindingProfile.swift in Sources */,
				10000005 /* MIDIManager.swift in Sources */,
				10000006 /* KeyboardMonitor.swift in Sources */,
				10000007 /* TopBarView.swift in Sources */,
				10000018 /* OctaveBarView.swift in Sources */,
				10000008 /* PianoRollView.swift in Sources */,
				10000016 /* PitchModWheelsView.swift in Sources */,
				10000017 /* SettingsView.swift in Sources */,
				10000019 /* RotaryKnobView.swift in Sources */,
				10000020 /* KnobsStripView.swift in Sources */,
				10000021 /* ChordType.swift in Sources */,
				10000022 /* ChordPadsStripView.swift in Sources */,
				10000009 /* ContentView.swift in Sources */,
			);
			runOnlyForDeploymentPostprocessing = 0;
		};
/* End PBXSourcesBuildPhase section */

/* Begin XCBuildConfiguration section */
		A0000001 /* Debug */ = {
			isa = XCBuildConfiguration;
			buildSettings = {
				ALWAYS_SEARCH_USER_PATHS = NO;
				ASSETCATALOG_COMPILER_APPICON_NAME = AppIcon;
				ASSETCATALOG_COMPILER_GLOBAL_ACCENT_COLOR_NAME = AccentColor;
				CLANG_ANALYZER_NONNULL = YES;
				CLANG_ANALYZER_NUMBER_OBJECT_CONVERSION = YES_AGGRESSIVE;
				CLANG_CXX_LANGUAGE_STANDARD = "gnu++20";
				CLANG_ENABLE_MODULES = YES;
				CLANG_ENABLE_OBJC_ARC = YES;
				CLANG_ENABLE_OBJC_WEAK = YES;
				CLANG_WARN_BLOCK_CAPTURE_AUTORELEASING = YES;
				CLANG_WARN_BOOL_CONVERSION = YES;
				CLANG_WARN_COMMA = YES;
				CLANG_WARN_CONSTANT_CONVERSION = YES;
				CLANG_WARN_DEPRECATED_OBJC_IMPLEMENTATIONS = YES;
				CLANG_WARN_DIRECT_OBJC_ISA_USAGE = YES_ERROR;
				CLANG_WARN_DOCUMENTATION_COMMENTS = YES;
				CLANG_WARN_EMPTY_BODY = YES;
				CLANG_WARN_ENUM_CONVERSION = YES;
				CLANG_WARN_INFINITE_RECURSION = YES;
				CLANG_WARN_INT_CONVERSION = YES;
				CLANG_WARN_NON_LITERAL_NULL_CONVERSION = YES;
				CLANG_WARN_OBJC_IMPLICIT_RETAIN_SELF = YES;
				CLANG_WARN_OBJC_LITERAL_CONVERSION = YES;
				CLANG_WARN_OBJC_ROOT_CLASS = YES_ERROR;
				CLANG_WARN_QUOTED_INCLUDE_IN_FRAMEWORK_HEADER = YES;
				CLANG_WARN_RANGE_LOOP_ANALYSIS = YES;
				CLANG_WARN_STRICT_PROTOTYPES = YES;
				CLANG_WARN_SUSPICIOUS_MOVE = YES;
				CLANG_WARN_UNGUARDED_AVAILABILITY = YES_AGGRESSIVE;
				CLANG_WARN_UNREACHABLE_CODE = YES;
				CLANG_WARN__DUPLICATE_METHOD_MATCH = YES;
				COPY_PHASE_STRIP = NO;
				DEBUG_INFORMATION_FORMAT = dwarf;
				ENABLE_STRICT_OBJC_MSGSEND = YES;
				ENABLE_TESTABILITY = YES;
				ENABLE_USER_SCRIPT_SANDBOXING = YES;
				GCC_C_LANGUAGE_STANDARD = gnu17;
				GCC_DYNAMIC_NO_PIC = NO;
				GCC_NO_COMMON_BLOCKS = YES;
				GCC_OPTIMIZATION_LEVEL = 0;
				GCC_PREPROCESSOR_DEFINITIONS = (
					"DEBUG=1",
					"$(inherited)",
				);
				GCC_WARN_64_TO_32_BIT_CONVERSION = YES;
				GCC_WARN_ABOUT_RETURN_TYPE = YES_ERROR;
				GCC_WARN_UNDEFINED_VARIABLES = YES;
				GCC_WARN_UNUSED_FUNCTION = YES;
				GCC_WARN_UNUSED_VARIABLE = YES;
				MACOSX_DEPLOYMENT_TARGET = 14.0;
				MTL_ENABLE_DEBUG_INFO = INCLUDE_SOURCE;
				MTL_FAST_MATH = YES;
				ONLY_ACTIVE_ARCH = YES;
				SDKROOT = macosx;
				SWIFT_ACTIVE_COMPILATION_CONDITIONS = "DEBUG $(inherited)";
				SWIFT_OPTIMIZATION_LEVEL = "-Onone";
			};
			name = Debug;
		};
		A0000002 /* Release */ = {
			isa = XCBuildConfiguration;
			buildSettings = {
				ALWAYS_SEARCH_USER_PATHS = NO;
				ASSETCATALOG_COMPILER_APPICON_NAME = AppIcon;
				ASSETCATALOG_COMPILER_GLOBAL_ACCENT_COLOR_NAME = AccentColor;
				CLANG_ANALYZER_NONNULL = YES;
				CLANG_ANALYZER_NUMBER_OBJECT_CONVERSION = YES_AGGRESSIVE;
				CLANG_CXX_LANGUAGE_STANDARD = "gnu++20";
				CLANG_ENABLE_MODULES = YES;
				CLANG_ENABLE_OBJC_ARC = YES;
				CLANG_ENABLE_OBJC_WEAK = YES;
				CLANG_WARN_BLOCK_CAPTURE_AUTORELEASING = YES;
				CLANG_WARN_BOOL_CONVERSION = YES;
				CLANG_WARN_COMMA = YES;
				CLANG_WARN_CONSTANT_CONVERSION = YES;
				CLANG_WARN_DEPRECATED_OBJC_IMPLEMENTATIONS = YES;
				CLANG_WARN_DIRECT_OBJC_ISA_USAGE = YES_ERROR;
				CLANG_WARN_DOCUMENTATION_COMMENTS = YES;
				CLANG_WARN_EMPTY_BODY = YES;
				CLANG_WARN_ENUM_CONVERSION = YES;
				CLANG_WARN_INFINITE_RECURSION = YES;
				CLANG_WARN_INT_CONVERSION = YES;
				CLANG_WARN_NON_LITERAL_NULL_CONVERSION = YES;
				CLANG_WARN_OBJC_IMPLICIT_RETAIN_SELF = YES;
				CLANG_WARN_OBJC_LITERAL_CONVERSION = YES;
				CLANG_WARN_OBJC_ROOT_CLASS = YES_ERROR;
				CLANG_WARN_QUOTED_INCLUDE_IN_FRAMEWORK_HEADER = YES;
				CLANG_WARN_RANGE_LOOP_ANALYSIS = YES;
				CLANG_WARN_STRICT_PROTOTYPES = YES;
				CLANG_WARN_SUSPICIOUS_MOVE = YES;
				CLANG_WARN_UNGUARDED_AVAILABILITY = YES_AGGRESSIVE;
				CLANG_WARN_UNREACHABLE_CODE = YES;
				CLANG_WARN__DUPLICATE_METHOD_MATCH = YES;
				COPY_PHASE_STRIP = NO;
				DEBUG_INFORMATION_FORMAT = "dwarf-with-dsym";
				ENABLE_NS_ASSERTIONS = NO;
				ENABLE_STRICT_OBJC_MSGSEND = YES;
				ENABLE_USER_SCRIPT_SANDBOXING = YES;
				GCC_C_LANGUAGE_STANDARD = gnu17;
				GCC_NO_COMMON_BLOCKS = YES;
				GCC_WARN_64_TO_32_BIT_CONVERSION = YES;
				GCC_WARN_ABOUT_RETURN_TYPE = YES_ERROR;
				GCC_WARN_UNDEFINED_VARIABLES = YES;
				GCC_WARN_UNUSED_FUNCTION = YES;
				GCC_WARN_UNUSED_VARIABLE = YES;
				MACOSX_DEPLOYMENT_TARGET = 14.0;
				MTL_ENABLE_DEBUG_INFO = NO;
				MTL_FAST_MATH = YES;
				SDKROOT = macosx;
				SWIFT_COMPILATION_MODE = wholemodule;
				SWIFT_OPTIMIZATION_LEVEL = "-O";
			};
			name = Release;
		};
		A0000003 /* Debug */ = {
			isa = XCBuildConfiguration;
			buildSettings = {
				ARCHS = arm64;
				CODE_SIGN_IDENTITY = "-";
				CODE_SIGN_STYLE = Manual;
				COMBINE_HIDPI_IMAGES = YES;
				CURRENT_PROJECT_VERSION = 1;
				ENABLE_HARDENED_RUNTIME = YES;
				GENERATE_INFOPLIST_FILE = YES;
				INFOPLIST_KEY_CFBundleDisplayName = KKBB;
				INFOPLIST_KEY_LSApplicationCategoryType = "public.app-category.music";
				INFOPLIST_KEY_NSHumanReadableCopyright = "Copyright © 2026 Tamas Sopronyi. All rights reserved.";
				LD_RUNPATH_SEARCH_PATHS = (
					"$(inherited)",
					"@executable_path/../Frameworks",
				);
				MARKETING_VERSION = 1.0;
				PRODUCT_BUNDLE_IDENTIFIER = com.digigun.kkbb;
				PRODUCT_NAME = "$(TARGET_NAME)";
				SWIFT_EMIT_LOC_STRINGS = YES;
				SWIFT_VERSION = 5.0;
			};
			name = Debug;
		};
		A0000004 /* Release */ = {
			isa = XCBuildConfiguration;
			buildSettings = {
				ARCHS = arm64;
				CODE_SIGN_IDENTITY = "-";
				CODE_SIGN_STYLE = Manual;
				COMBINE_HIDPI_IMAGES = YES;
				CURRENT_PROJECT_VERSION = 1;
				ENABLE_HARDENED_RUNTIME = YES;
				GENERATE_INFOPLIST_FILE = YES;
				INFOPLIST_KEY_CFBundleDisplayName = KKBB;
				INFOPLIST_KEY_LSApplicationCategoryType = "public.app-category.music";
				INFOPLIST_KEY_NSHumanReadableCopyright = "Copyright © 2026 Tamas Sopronyi. All rights reserved.";
				LD_RUNPATH_SEARCH_PATHS = (
					"$(inherited)",
					"@executable_path/../Frameworks",
				);
				MARKETING_VERSION = 1.0;
				PRODUCT_BUNDLE_IDENTIFIER = com.digigun.kkbb;
				PRODUCT_NAME = "$(TARGET_NAME)";
				SWIFT_EMIT_LOC_STRINGS = YES;
				SWIFT_VERSION = 5.0;
			};
			name = Release;
		};
/* End XCBuildConfiguration section */

/* Begin XCConfigurationList section */
		60000001 /* Build configuration list for PBXProject "KKBB" */ = {
			isa = XCConfigurationList;
			buildConfigurations = (
				A0000001 /* Debug */,
				A0000002 /* Release */,
			);
			defaultConfigurationIsVisible = 0;
			defaultConfigurationName = Release;
		};
		60000002 /* Build configuration list for PBXNativeTarget "KKBB" */ = {
			isa = XCConfigurationList;
			buildConfigurations = (
				A0000003 /* Debug */,
				A0000004 /* Release */,
			);
			defaultConfigurationIsVisible = 0;
			defaultConfigurationName = Release;
		};
/* End XCConfigurationList section */
	};
	rootObject = 90000001 /* Project object */;
}
